
Microsoft Visual Studio Solution File, Format Version 12.00
# Visual Studio Version 16
VisualStudioVersion = 16.0.30309.148
MinimumVisualStudioVersion = 10.0.40219.1
Project("{FAE04EC0-301F-11D3-BF4B-00C04F79EFBC}") = "02_29_9_2020_SouboryVíceokenní", "02_29_9_2020_SouboryVíceokenní\02_29_9_2020_SouboryVíceokenní.csproj", "{9288F877-4BA9-4A23-88DE-6DA4076EB1CA}"
EndProject
Global
	GlobalSection(SolutionConfigurationPlatforms) = preSolution
		Debug|Any CPU = Debug|Any CPU
		Release|Any CPU = Release|Any CPU
	EndGlobalSection
	GlobalSection(ProjectConfigurationPlatforms) = postSolution
		{9288F877-4BA9-4A23-88DE-6DA4076EB1CA}.Debug|Any CPU.ActiveCfg = Debug|Any CPU
		{9288F877-4BA9-4A23-88DE-6DA4076EB1CA}.Debug|Any CPU.Build.0 = Debug|Any CPU
		{9288F877-4BA9-4A23-88DE-6DA4076EB1CA}.Release|Any CPU.ActiveCfg = Release|Any CPU
		{9288F877-4BA9-4A23-88DE-6DA4076EB1CA}.Release|Any CPU.Build.0 = Release|Any CPU
	EndGlobalSection
	GlobalSection(SolutionProperties) = preSolution
		HideSolutionNode = FALSE
	EndGlobalSection
	GlobalSection(ExtensibilityGlobals) = postSolution
		SolutionGuid = {95090A45-B9BB-420F-A103-4DC13B9C0FF2}
	EndGlobalSection
EndGlobal
